// !$*UTF8*$!
{
	archiveVersion = 1;
	classes = {
	};
	objectVersion = 77;
	objects = {

/* Begin PBXContainerItemProxy section */
		ACAFAA902E659A3D00D9603D /* PBXContainerItemProxy */ = {
			isa = PBXContainerItemProxy;
			containerPortal = ACAFAA6E2E659A3B00D9603D /* Project object */;
			proxyType = 1;
			remoteGlobalIDString = ACAFAA752E659A3B00D9603D;
			remoteInfo = "Event Hub";
		};
		ACAFAA9A2E659A3D00D9603D /* PBXContainerItemProxy */ = {
			isa = PBXContainerItemProxy;
			containerPortal = ACAFAA6E2E659A3B00D9603D /* Project object */;
			proxyType = 1;
			remoteGlobalIDString = ACAFAA752E659A3B00D9603D;
			remoteInfo = "Event Hub";
		};
/* End PBXContainerItemProxy section */

/* Begin PBXFileReference section */
		ACAFAA762E659A3B00D9603D /* Event Hub.app */ = {isa = PBXFileReference; explicitFileType = wrapper.application; includeInIndex = 0; path = "Event Hub.app"; sourceTree = BUILT_PRODUCTS_DIR; };
		ACAFAA8F2E659A3D00D9603D /* Event HubTests.xctest */ = {isa = PBXFileReference; explicitFileType = wrapper.cfbundle; includeInIndex = 0; path = "Event HubTests.xctest"; sourceTree = BUILT_PRODUCTS_DIR; };
		ACAFAA992E659A3D00D9603D /* Event HubUITests.xctest */ = {isa = PBXFileReference; explicitFileType = wrapper.cfbundle; includeInIndex = 0; path = "Event HubUITests.xctest"; sourceTree = BUILT_PRODUCTS_DIR; };
/* End PBXFileReference section */

/* Begin PBXFileSystemSynchronizedBuildFileExceptionSet section */
		ACAFAAA12E659A3D00D9603D /* Exceptions for "Event Hub" folder in "Event Hub" target */ = {
			isa = PBXFileSystemSynchronizedBuildFileExceptionSet;
			membershipExceptions = (
				Info.plist,
			);
			target = ACAFAA752E659A3B00D9603D /* Event Hub */;
		};
/* End PBXFileSystemSynchronizedBuildFileExceptionSet section */

/* Begin PBXFileSystemSynchronizedRootGroup section */
		ACAFAA782E659A3B00D9603D /* Event Hub */ = {
			isa = PBXFileSystemSynchronizedRootGroup;
			exceptions = (
				ACAFAAA12E659A3D00D9603D /* Exceptions for "Event Hub" folder in "Event Hub" target */,
			);
			path = "Event Hub";
			sourceTree = "<group>";
		};
		ACAFAA922E659A3D00D9603D /* Event HubTests */ = {
			isa = PBXFileSystemSynchronizedRootGroup;
			path = "Event HubTests";
			sourceTree = "<group>";
		};
		ACAFAA9C2E659A3D00D9603D /* Event HubUITests */ = {
			isa = PBXFileSystemSynchronizedRootGroup;
			path = "Event HubUITests";
			sourceTree = "<group>";
		};
/* End PBXFileSystemSynchronizedRootGroup section */

/* Begin PBXFrameworksBuildPhase section */
		ACAFAA732E659A3B00D9603D /* Frameworks */ = {
			isa = PBXFrameworksBuildPhase;
			buildActionMask = 2147483647;
			files = (
			);
			runOnlyForDeploymentPostprocessing = 0;
		};
		ACAFAA8C2E659A3D00D9603D /* Frameworks */ = {
			isa = PBXFrameworksBuildPhase;
			buildActionMask = 2147483647;
			files = (
			);
			runOnlyForDeploymentPostprocessing = 0;
		};
		ACAFAA962E659A3D00D9603D /* Frameworks */ = {
			isa = PBXFrameworksBuildPhase;
			buildActionMask = 2147483647;
			files = (
			);
			runOnlyForDeploymentPostprocessing = 0;
		};
/* End PBXFrameworksBuildPhase section */

/* Begin PBXGroup section */
		ACAFAA6D2E659A3B00D9603D = {
			isa = PBXGroup;
			children = (
				ACAFAA782E659A3B00D9603D /* Event Hub */,
				ACAFAA922E659A3D00D9603D /* Event HubTests */,
				ACAFAA9C2E659A3D00D9603D /* Event HubUITests */,
				ACAFAA772E659A3B00D9603D /* Products */,
			);
			sourceTree = "<group>";
		};
		ACAFAA772E659A3B00D9603D /* Products */ = {
			isa = PBXGroup;
			children = (
				ACAFAA762E659A3B00D9603D /* Event Hub.app */,
				ACAFAA8F2E659A3D00D9603D /* Event HubTests.xctest */,
				ACAFAA992E659A3D00D9603D /* Event HubUITests.xctest */,
			);
			name = Products;
			sourceTree = "<group>";
		};
/* End PBXGroup section */

/* Begin PBXNativeTarget section */
		ACAFAA752E659A3B00D9603D /* Event Hub */ = {
			isa = PBXNativeTarget;
			buildConfigurationList = ACAFAAA22E659A3D00D9603D /* Build configuration list for PBXNativeTarget "Event Hub" */;
			buildPhases = (
				ACAFAA722E659A3B00D9603D /* Sources */,
				ACAFAA732E659A3B00D9603D /* Frameworks */,
				ACAFAA742E659A3B00D9603D /* Resources */,
			);
			buildRules = (
			);
			dependencies = (
			);
			fileSystemSynchronizedGroups = (
				ACAFAA782E659A3B00D9603D /* Event Hub */,
			);
			name = "Event Hub";
			packageProductDependencies = (
			);
			productName = "Event Hub";
			productReference = ACAFAA762E659A3B00D9603D /* Event Hub.app */;
			productType = "com.apple.product-type.application";
		};
		ACAFAA8E2E659A3D00D9603D /* Event HubTests */ = {
			isa = PBXNativeTarget;
			buildConfigurationList = ACAFAAA72E659A3D00D9603D /* Build configuration list for PBXNativeTarget "Event HubTests" */;
			buildPhases = (
				ACAFAA8B2E659A3D00D9603D /* Sources */,
				ACAFAA8C2E659A3D00D9603D /* Frameworks */,
				ACAFAA8D2E659A3D00D9603D /* Resources */,
			);
			buildRules = (
			);
			dependencies = (
				ACAFAA912E659A3D00D9603D /* PBXTargetDependency */,
			);
			fileSystemSynchronizedGroups = (
				ACAFAA922E659A3D00D9603D /* Event HubTests */,
			);
			name = "Event HubTests";
			packageProductDependencies = (
			);
			productName = "Event HubTests";
			productReference = ACAFAA8F2E659A3D00D9603D /* Event HubTests.xctest */;
			productType = "com.apple.product-type.bundle.unit-test";
		};
		ACAFAA982E659A3D00D9603D /* Event HubUITests */ = {
			isa = PBXNativeTarget;
			buildConfigurationList = ACAFAAAA2E659A3D00D9603D /* Build configuration list for PBXNativeTarget "Event HubUITests" */;
			buildPhases = (
				ACAFAA952E659A3D00D9603D /* Sources */,
				ACAFAA962E659A3D00D9603D /* Frameworks */,
				ACAFAA972E659A3D00D9603D /* Resources */,
			);
			buildRules = (
			);
			dependencies = (
				ACAFAA9B2E659A3D00D9603D /* PBXTargetDependency */,
			);
			fileSystemSynchronizedGroups = (
				ACAFAA9C2E659A3D00D9603D /* Event HubUITests */,
			);
			name = "Event HubUITests";
			packageProductDependencies = (
			);
			productName = "Event HubUITests";
			productReference = ACAFAA992E659A3D00D9603D /* Event HubUITests.xctest */;
			productType = "com.apple.product-type.bundle.ui-testing";
		};
/* End PBXNativeTarget section */

/* Begin PBXProject section */
		ACAFAA6E2E659A3B00D9603D /* Project object */ = {
			isa = PBXProject;
			attributes = {
				BuildIndependentTargetsInParallel = 1;
				LastSwiftUpdateCheck = 1630;
				LastUpgradeCheck = 1630;
				TargetAttributes = {
					ACAFAA752E659A3B00D9603D = {
						CreatedOnToolsVersion = 16.3;
					};
					ACAFAA8E2E659A3D00D9603D = {
						CreatedOnToolsVersion = 16.3;
						TestTargetID = ACAFAA752E659A3B00D9603D;
					};
					ACAFAA982E659A3D00D9603D = {
						CreatedOnToolsVersion = 16.3;
						TestTargetID = ACAFAA752E659A3B00D9603D;
					};
				};
			};
			buildConfigurationList = ACAFAA712E659A3B00D9603D /* Build configuration list for PBXProject "Event Hub" */;
			developmentRegion = en;
			hasScannedForEncodings = 0;
			knownRegions = (
				en,
				Base,
			);
			mainGroup = ACAFAA6D2E659A3B00D9603D;
			minimizedProjectReferenceProxies = 1;
			preferredProjectObjectVersion = 77;
			productRefGroup = ACAFAA772E659A3B00D9603D /* Products */;
			projectDirPath = "";
			projectRoot = "";
			targets = (
				ACAFAA752E659A3B00D9603D /* Event Hub */,
				ACAFAA8E2E659A3D00D9603D /* Event HubTests */,
				ACAFAA982E659A3D00D9603D /* Event HubUITests */,
			);
		};
/* End PBXProject section */

/* Begin PBXResourcesBuildPhase section */
		ACAFAA742E659A3B00D9603D /* Resources */ = {
			isa = PBXResourcesBuildPhase;
			buildActionMask = 2147483647;
			files = (
			);
			runOnlyForDeploymentPostprocessing = 0;
		};
		ACAFAA8D2E659A3D00D9603D /* Resources */ = {
			isa = PBXResourcesBuildPhase;
			buildActionMask = 2147483647;
			files = (
			);
			runOnlyForDeploymentPostprocessing = 0;
		};
		ACAFAA972E659A3D00D9603D /* Resources */ = {
			isa = PBXResourcesBuildPhase;
			buildActionMask = 2147483647;
			files = (
			);
			runOnlyForDeploymentPostprocessing = 0;
		};
/* End PBXResourcesBuildPhase section */

/* Begin PBXSourcesBuildPhase section */
		ACAFAA722E659A3B00D9603D /* Sources */ = {
			isa = PBXSourcesBuildPhase;
			buildActionMask = 2147483647;
			files = (
			);
			runOnlyForDeploymentPostprocessing = 0;
		};
		ACAFAA8B2E659A3D00D9603D /* Sources */ = {
			isa = PBXSourcesBuildPhase;
			buildActionMask = 2147483647;
			files = (
			);
			runOnlyForDeploymentPostprocessing = 0;
		};
		ACAFAA952E659A3D00D9603D /* Sources */ = {
			isa = PBXSourcesBuildPhase;
			buildActionMask = 2147483647;
			files = (
			);
			runOnlyForDeploymentPostprocessing = 0;
		};
/* End PBXSourcesBuildPhase section */

/* Begin PBXTargetDependency section */
		ACAFAA912E659A3D00D9603D /* PBXTargetDependency */ = {
			isa = PBXTargetDependency;
			target = ACAFAA752E659A3B00D9603D /* Event Hub */;
			targetProxy = ACAFAA902E659A3D00D9603D /* PBXContainerItemProxy */;
		};
		ACAFAA9B2E659A3D00D9603D /* PBXTargetDependency */ = {
			isa = PBXTargetDependency;
			target = ACAFAA752E659A3B00D9603D /* Event Hub */;
			targetProxy = ACAFAA9A2E659A3D00D9603D /* PBXContainerItemProxy */;
		};
/* End PBXTargetDependency section */

/* Begin XCBuildConfiguration section */
		ACAFAAA32E659A3D00D9603D /* Debug */ = {
			isa = XCBuildConfiguration;
			buildSettings = {
				ASSETCATALOG_COMPILER_APPICON_NAME = AppIcon;
				ASSETCATALOG_COMPILER_GLOBAL_ACCENT_COLOR_NAME = AccentColor;
				CODE_SIGN_STYLE = Automatic;
				CURRENT_PROJECT_VERSION = 1;
				DEVELOPMENT_TEAM = XLX6KD3AF8;
				GENERATE_INFOPLIST_FILE = YES;
				INFOPLIST_FILE = "Event Hub/Info.plist";
				INFOPLIST_KEY_UIApplicationSupportsIndirectInputEvents = YES;
				INFOPLIST_KEY_UILaunchStoryboardName = LaunchScreen;
				INFOPLIST_KEY_UISupportedInterfaceOrientations_iPad = "UIInterfaceOrientationPortrait UIInterfaceOrientationPortraitUpsideDown UIInterfaceOrientationLandscapeLeft UIInterfaceOrientationLandscapeRight";
				INFOPLIST_KEY_UISupportedInterfaceOrientations_iPhone = "UIInterfaceOrientationPortrait UIInterfaceOrientationLandscapeLeft UIInterfaceOrientationLandscapeRight";
				LD_RUNPATH_SEARCH_PATHS = (
					"$(inherited)",
					"@executable_path/Frameworks",
				);
				MARKETING_VERSION = 1.0;
				PRODUCT_BUNDLE_IDENTIFIER = "com.fauziarda.Event-Hub";
				PRODUCT_NAME = "$(TARGET_NAME)";
				SWIFT_EMIT_LOC_STRINGS = YES;
				SWIFT_VERSION = 5.0;
				TARGETED_DEVICE_FAMILY = "1,2";
			};
			name = Debug;
		};
		ACAFAAA42E659A3D00D9603D /* Release */ = {
			isa = XCBuildConfiguration;
			buildSettings = {
				ASSETCATALOG_COMPILER_APPICON_NAME = AppIcon;
				ASSETCATALOG_COMPILER_GLOBAL_ACCENT_COLOR_NAME = AccentColor;
				CODE_SIGN_STYLE = Automatic;
				CURRENT_PROJECT_VERSION = 1;
				DEVELOPMENT_TEAM = XLX6KD3AF8;
				GENERATE_INFOPLIST_FILE = YES;
				INFOPLIST_FILE = "Event Hub/Info.plist";
				INFOPLIST_KEY_UIApplicationSupportsIndirectInputEvents = YES;
				INFOPLIST_KEY_UILaunchStoryboardName = LaunchScreen;
				INFOPLIST_KEY_UISupportedInterfaceOrientations_iPad = "UIInterfaceOrientationPortrait UIInterfaceOrientationPortraitUpsideDown UIInterfaceOrientationLandscapeLeft UIInterfaceOrientationLandscapeRight";
				INFOPLIST_KEY_UISupportedInterfaceOrientations_iPhone = "UIInterfaceOrientationPortrait UIInterfaceOrientationLandscapeLeft UIInterfaceOrientationLandscapeRight";
				LD_RUNPATH_SEARCH_PATHS = (
					"$(inherited)",
					"@executable_path/Frameworks",
				);
				MARKETING_VERSION = 1.0;
				PRODUCT_BUNDLE_IDENTIFIER = "com.fauziarda.Event-Hub";
				PRODUCT_NAME = "$(TARGET_NAME)";
				SWIFT_EMIT_LOC_STRINGS = YES;
				SWIFT_VERSION = 5.0;
				TARGETED_DEVICE_FAMILY = "1,2";
			};
			name = Release;
		};
		ACAFAAA52E659A3D00D9603D /* Debug */ = {
			isa = XCBuildConfiguration;
			buildSettings = {
				ALWAYS_SEARCH_USER_PATHS = NO;
				ASSETCATALOG_COMPILER_GENERATE_SWIFT_ASSET_SYMBOL_EXTENSIONS = YES;
				CLANG_ANALYZER_NONNULL = YES;
				CLANG_ANALYZER_NUMBER_OBJECT_CONVERSION = YES_AGGRESSIVE;
				CLANG_CXX_LANGUAGE_STANDARD = "gnu++20";
				CLANG_ENABLE_MODULES = YES;
				CLANG_ENABLE_OBJC_ARC = YES;
				CLANG_ENABLE_OBJC_WEAK = YES;
				CLANG_WARN_BLOCK_CAPTURE_AUTORELEASING = YES;
				CLANG_WARN_BOOL_CONVERSION = YES;
				CLANG_WARN_COMMA = YES;
				CLANG_WARN_CONSTANT_CONVERSION = YES;
				CLANG_WARN_DEPRECATED_OBJC_IMPLEMENTATIONS = YES;
				CLANG_WARN_DIRECT_OBJC_ISA_USAGE = YES_ERROR;
				CLANG_WARN_DOCUMENTATION_COMMENTS = YES;
				CLANG_WARN_EMPTY_BODY = YES;
				CLANG_WARN_ENUM_CONVERSION = YES;
				CLANG_WARN_INFINITE_RECURSION = YES;
				CLANG_WARN_INT_CONVERSION = YES;
				CLANG_WARN_NON_LITERAL_NULL_CONVERSION = YES;
				CLANG_WARN_OBJC_IMPLICIT_RETAIN_SELF = YES;
				CLANG_WARN_OBJC_LITERAL_CONVERSION = YES;
				CLANG_WARN_OBJC_ROOT_CLASS = YES_ERROR;
				CLANG_WARN_QUOTED_INCLUDE_IN_FRAMEWORK_HEADER = YES;
				CLANG_WARN_RANGE_LOOP_ANALYSIS = YES;
				CLANG_WARN_STRICT_PROTOTYPES = YES;
				CLANG_WARN_SUSPICIOUS_MOVE = YES;
				CLANG_WARN_UNGUARDED_AVAILABILITY = YES_AGGRESSIVE;
				CLANG_WARN_UNREACHABLE_CODE = YES;
				CLANG_WARN__DUPLICATE_METHOD_MATCH = YES;
				COPY_PHASE_STRIP = NO;
				DEBUG_INFORMATION_FORMAT = dwarf;
				DEVELOPMENT_TEAM = XLX6KD3AF8;
				ENABLE_STRICT_OBJC_MSGSEND = YES;
				ENABLE_TESTABILITY = YES;
				ENABLE_USER_SCRIPT_SANDBOXING = YES;
				GCC_C_LANGUAGE_STANDARD = gnu17;
				GCC_DYNAMIC_NO_PIC = NO;
				GCC_NO_COMMON_BLOCKS = YES;
				GCC_OPTIMIZATION_LEVEL = 0;
				GCC_PREPROCESSOR_DEFINITIONS = (
					"DEBUG=1",
					"$(inherited)",
				);
				GCC_WARN_64_TO_32_BIT_CONVERSION = YES;
				GCC_WARN_ABOUT_RETURN_TYPE = YES_ERROR;
				GCC_WARN_UNDECLARED_SELECTOR = YES;
				GCC_WARN_UNINITIALIZED_AUTOS = YES_AGGRESSIVE;
				GCC_WARN_UNUSED_FUNCTION = YES;
				GCC_WARN_UNUSED_VARIABLE = YES;
				IPHONEOS_DEPLOYMENT_TARGET = 18.4;
				LOCALIZATION_PREFERS_STRING_CATALOGS = YES;
				MTL_ENABLE_DEBUG_INFO = INCLUDE_SOURCE;
				MTL_FAST_MATH = YES;
				ONLY_ACTIVE_ARCH = YES;
				SDKROOT = iphoneos;
				SWIFT_ACTIVE_COMPILATION_CONDITIONS = "DEBUG $(inherited)";
				SWIFT_OPTIMIZATION_LEVEL = "-Onone";
			};
			name = Debug;
		};
		ACAFAAA62E659A3D00D9603D /* Release */ = {
			isa = XCBuildConfiguration;
			buildSettings = {
				ALWAYS_SEARCH_USER_PATHS = NO;
				ASSETCATALOG_COMPILER_GENERATE_SWIFT_ASSET_SYMBOL_EXTENSIONS = YES;
				CLANG_ANALYZER_NONNULL = YES;
				CLANG_ANALYZER_NUMBER_OBJECT_CONVERSION = YES_AGGRESSIVE;
				CLANG_CXX_LANGUAGE_STANDARD = "gnu++20";
				CLANG_ENABLE_MODULES = YES;
				CLANG_ENABLE_OBJC_ARC = YES;
				CLANG_ENABLE_OBJC_WEAK = YES;
				CLANG_WARN_BLOCK_CAPTURE_AUTORELEASING = YES;
				CLANG_WARN_BOOL_CONVERSION = YES;
				CLANG_WARN_COMMA = YES;
				CLANG_WARN_CONSTANT_CONVERSION = YES;
				CLANG_WARN_DEPRECATED_OBJC_IMPLEMENTATIONS = YES;
				CLANG_WARN_DIRECT_OBJC_ISA_USAGE = YES_ERROR;
				CLANG_WARN_DOCUMENTATION_COMMENTS = YES;
				CLANG_WARN_EMPTY_BODY = YES;
				CLANG_WARN_ENUM_CONVERSION = YES;
				CLANG_WARN_INFINITE_RECURSION = YES;
				CLANG_WARN_INT_CONVERSION = YES;
				CLANG_WARN_NON_LITERAL_NULL_CONVERSION = YES;
				CLANG_WARN_OBJC_IMPLICIT_RETAIN_SELF = YES;
				CLANG_WARN_OBJC_LITERAL_CONVERSION = YES;
				CLANG_WARN_OBJC_ROOT_CLASS = YES_ERROR;
				CLANG_WARN_QUOTED_INCLUDE_IN_FRAMEWORK_HEADER = YES;
				CLANG_WARN_RANGE_LOOP_ANALYSIS = YES;
				CLANG_WARN_STRICT_PROTOTYPES = YES;
				CLANG_WARN_SUSPICIOUS_MOVE = YES;
				CLANG_WARN_UNGUARDED_AVAILABILITY = YES_AGGRESSIVE;
				CLANG_WARN_UNREACHABLE_CODE = YES;
				CLANG_WARN__DUPLICATE_METHOD_MATCH = YES;
				COPY_PHASE_STRIP = NO;
				DEBUG_INFORMATION_FORMAT = "dwarf-with-dsym";
				DEVELOPMENT_TEAM = XLX6KD3AF8;
				ENABLE_NS_ASSERTIONS = NO;
				ENABLE_STRICT_OBJC_MSGSEND = YES;
				ENABLE_USER_SCRIPT_SANDBOXING = YES;
				GCC_C_LANGUAGE_STANDARD = gnu17;
				GCC_NO_COMMON_BLOCKS = YES;
				GCC_WARN_64_TO_32_BIT_CONVERSION = YES;
				GCC_WARN_ABOUT_RETURN_TYPE = YES_ERROR;
				GCC_WARN_UNDECLARED_SELECTOR = YES;
				GCC_WARN_UNINITIALIZED_AUTOS = YES_AGGRESSIVE;
				GCC_WARN_UNUSED_FUNCTION = YES;
				GCC_WARN_UNUSED_VARIABLE = YES;
				IPHONEOS_DEPLOYMENT_TARGET = 18.4;
				LOCALIZATION_PREFERS_STRING_CATALOGS = YES;
				MTL_ENABLE_DEBUG_INFO = NO;
				MTL_FAST_MATH = YES;
				SDKROOT = iphoneos;
				SWIFT_COMPILATION_MODE = wholemodule;
				VALIDATE_PRODUCT = YES;
			};
			name = Release;
		};
		ACAFAAA82E659A3D00D9603D /* Debug */ = {
			isa = XCBuildConfiguration;
			buildSettings = {
				BUNDLE_LOADER = "$(TEST_HOST)";
				CODE_SIGN_STYLE = Automatic;
				CURRENT_PROJECT_VERSION = 1;
				DEVELOPMENT_TEAM = XLX6KD3AF8;
				GENERATE_INFOPLIST_FILE = YES;
				IPHONEOS_DEPLOYMENT_TARGET = 18.4;
				MARKETING_VERSION = 1.0;
				PRODUCT_BUNDLE_IDENTIFIER = "com.fauziarda.Event-HubTests";
				PRODUCT_NAME = "$(TARGET_NAME)";
				SWIFT_EMIT_LOC_STRINGS = NO;
				SWIFT_VERSION = 5.0;
				TARGETED_DEVICE_FAMILY = "1,2";
				TEST_HOST = "$(BUILT_PRODUCTS_DIR)/Event Hub.app/$(BUNDLE_EXECUTABLE_FOLDER_PATH)/Event Hub";
			};
			name = Debug;
		};
		ACAFAAA92E659A3D00D9603D /* Release */ = {
			isa = XCBuildConfiguration;
			buildSettings = {
				BUNDLE_LOADER = "$(TEST_HOST)";
				CODE_SIGN_STYLE = Automatic;
				CURRENT_PROJECT_VERSION = 1;
				DEVELOPMENT_TEAM = XLX6KD3AF8;
				GENERATE_INFOPLIST_FILE = YES;
				IPHONEOS_DEPLOYMENT_TARGET = 18.4;
				MARKETING_VERSION = 1.0;
				PRODUCT_BUNDLE_IDENTIFIER = "com.fauziarda.Event-HubTests";
				PRODUCT_NAME = "$(TARGET_NAME)";
				SWIFT_EMIT_LOC_STRINGS = NO;
				SWIFT_VERSION = 5.0;
				TARGETED_DEVICE_FAMILY = "1,2";
				TEST_HOST = "$(BUILT_PRODUCTS_DIR)/Event Hub.app/$(BUNDLE_EXECUTABLE_FOLDER_PATH)/Event Hub";
			};
			name = Release;
		};
		ACAFAAAB2E659A3D00D9603D /* Debug */ = {
			isa = XCBuildConfiguration;
			buildSettings = {
				CODE_SIGN_STYLE = Automatic;
				CURRENT_PROJECT_VERSION = 1;
				DEVELOPMENT_TEAM = XLX6KD3AF8;
				GENERATE_INFOPLIST_FILE = YES;
				MARKETING_VERSION = 1.0;
				PRODUCT_BUNDLE_IDENTIFIER = "com.fauziarda.Event-HubUITests";
				PRODUCT_NAME = "$(TARGET_NAME)";
				SWIFT_EMIT_LOC_STRINGS = NO;
				SWIFT_VERSION = 5.0;
				TARGETED_DEVICE_FAMILY = "1,2";
				TEST_TARGET_NAME = "Event Hub";
			};
			name = Debug;
		};
		ACAFAAAC2E659A3D00D9603D /* Release */ = {
			isa = XCBuildConfiguration;
			buildSettings = {
				CODE_SIGN_STYLE = Automatic;
				CURRENT_PROJECT_VERSION = 1;
				DEVELOPMENT_TEAM = XLX6KD3AF8;
				GENERATE_INFOPLIST_FILE = YES;
				MARKETING_VERSION = 1.0;
				PRODUCT_BUNDLE_IDENTIFIER = "com.fauziarda.Event-HubUITests";
				PRODUCT_NAME = "$(TARGET_NAME)";
				SWIFT_EMIT_LOC_STRINGS = NO;
				SWIFT_VERSION = 5.0;
				TARGETED_DEVICE_FAMILY = "1,2";
				TEST_TARGET_NAME = "Event Hub";
			};
			name = Release;
		};
/* End XCBuildConfiguration section */

/* Begin XCConfigurationList section */
		ACAFAA712E659A3B00D9603D /* Build configuration list for PBXProject "Event Hub" */ = {
			isa = XCConfigurationList;
			buildConfigurations = (
				ACAFAAA52E659A3D00D9603D /* Debug */,
				ACAFAAA62E659A3D00D9603D /* Release */,
			);
			defaultConfigurationIsVisible = 0;
			defaultConfigurationName = Release;
		};
		ACAFAAA22E659A3D00D9603D /* Build configuration list for PBXNativeTarget "Event Hub" */ = {
			isa = XCConfigurationList;
			buildConfigurations = (
				ACAFAAA32E659A3D00D9603D /* Debug */,
				ACAFAAA42E659A3D00D9603D /* Release */,
			);
			defaultConfigurationIsVisible = 0;
			defaultConfigurationName = Release;
		};
		ACAFAAA72E659A3D00D9603D /* Build configuration list for PBXNativeTarget "Event HubTests" */ = {
			isa = XCConfigurationList;
			buildConfigurations = (
				ACAFAAA82E659A3D00D9603D /* Debug */,
				ACAFAAA92E659A3D00D9603D /* Release */,
			);
			defaultConfigurationIsVisible = 0;
			defaultConfigurationName = Release;
		};
		ACAFAAAA2E659A3D00D9603D /* Build configuration list for PBXNativeTarget "Event HubUITests" */ = {
			isa = XCConfigurationList;
			buildConfigurations = (
				ACAFAAAB2E659A3D00D9603D /* Debug */,
				ACAFAAAC2E659A3D00D9603D /* Release */,
			);
			defaultConfigurationIsVisible = 0;
			defaultConfigurationName = Release;
		};
/* End XCConfigurationList section */
	};
	rootObject = ACAFAA6E2E659A3B00D9603D /* Project object */;
}
